// !$*UTF8*$!
{
	archiveVersion = 1;
	classes = {
	};
	objectVersion = 46;
	objects = {

/* Begin PBXBuildFile section */
		CB006B431F26155A002D692F /* gkutility.h in Headers */ = {isa = PBXBuildFile; fileRef = CB006B411F26155A002D692F /* gkutility.h */; settings = {ATTRIBUTES = (Public, ); }; };
		CB006BBB1F2615FD002D692F /* gkutility.swift in Sources */ = {isa = PBXBuildFile; fileRef = CB006BBA1F2615FD002D692F /* gkutility.swift */; };
		CB006BBF1F261D0D002D692F /* UIKit.framework in Frameworks */ = {isa = PBXBuildFile; fileRef = CB006BBE1F261D0D002D692F /* UIKit.framework */; };
		CB5F0D371F29FDC60017D4A3 /* gkobjassist.h in Headers */ = {isa = PBXBuildFile; fileRef = CB5F0D351F29FDC60017D4A3 /* gkobjassist.h */; settings = {ATTRIBUTES = (Public, ); }; };
		CB5F0D381F29FDC60017D4A3 /* gkobjassist.m in Sources */ = {isa = PBXBuildFile; fileRef = CB5F0D361F29FDC60017D4A3 /* gkobjassist.m */; };
		CB5F0D3B1F2A11B60017D4A3 /* gkstring.swift in Sources */ = {isa = PBXBuildFile; fileRef = CB5F0D3A1F2A11B60017D4A3 /* gkstring.swift */; };
		CB5F0D3F1F2AD7CF0017D4A3 /* gkdata.swift in Sources */ = {isa = PBXBuildFile; fileRef = CB5F0D3E1F2AD7CF0017D4A3 /* gkdata.swift */; };
		CB5F0D411F2ADB140017D4A3 /* gkdic.swift in Sources */ = {isa = PBXBuildFile; fileRef = CB5F0D401F2ADB140017D4A3 /* gkdic.swift */; };
		CB6084241F3427FA00CC0091 /* YunkuSDK.xcworkspace in Resources */ = {isa = PBXBuildFile; fileRef = CB6084231F3427FA00CC0091 /* YunkuSDK.xcworkspace */; };
		CB6941481F4D481900AB3A3C /* FileMD5Hash.h in Headers */ = {isa = PBXBuildFile; fileRef = CB6941461F4D481900AB3A3C /* FileMD5Hash.h */; };
		CB6941491F4D481900AB3A3C /* FileMD5Hash.m in Sources */ = {isa = PBXBuildFile; fileRef = CB6941471F4D481900AB3A3C /* FileMD5Hash.m */; };
/* End PBXBuildFile section */

/* Begin PBXContainerItemProxy section */
		CB6084291F34280800CC0091 /* PBXContainerItemProxy */ = {
			isa = PBXContainerItemProxy;
			containerPortal = CB6084251F34280800CC0091 /* YunkuSDK.xcodeproj */;
			proxyType = 2;
			remoteGlobalIDString = CB6084141F34254300CC0091;
			remoteInfo = YunkuSDK;
		};
/* End PBXContainerItemProxy section */

/* Begin PBXFileReference section */
		CB006B3E1F26155A002D692F /* gkutility.framework */ = {isa = PBXFileReference; explicitFileType = wrapper.framework; includeInIndex = 0; path = gkutility.framework; sourceTree = BUILT_PRODUCTS_DIR; };
		CB006B411F26155A002D692F /* gkutility.h */ = {isa = PBXFileReference; lastKnownFileType = sourcecode.c.h; path = gkutility.h; sourceTree = "<group>"; };
		CB006B421F26155A002D692F /* Info.plist */ = {isa = PBXFileReference; lastKnownFileType = text.plist.xml; path = Info.plist; sourceTree = "<group>"; };
		CB006BBA1F2615FD002D692F /* gkutility.swift */ = {isa = PBXFileReference; fileEncoding = 4; lastKnownFileType = sourcecode.swift; path = gkutility.swift; sourceTree = "<group>"; };
		CB006BBE1F261D0D002D692F /* UIKit.framework */ = {isa = PBXFileReference; lastKnownFileType = wrapper.framework; name = UIKit.framework; path = System/Library/Frameworks/UIKit.framework; sourceTree = SDKROOT; };
		CB5F0D351F29FDC60017D4A3 /* gkobjassist.h */ = {isa = PBXFileReference; fileEncoding = 4; lastKnownFileType = sourcecode.c.h; path = gkobjassist.h; sourceTree = "<group>"; };
		CB5F0D361F29FDC60017D4A3 /* gkobjassist.m */ = {isa = PBXFileReference; fileEncoding = 4; lastKnownFileType = sourcecode.c.objc; path = gkobjassist.m; sourceTree = "<group>"; };
		CB5F0D3A1F2A11B60017D4A3 /* gkstring.swift */ = {isa = PBXFileReference; fileEncoding = 4; lastKnownFileType = sourcecode.swift; path = gkstring.swift; sourceTree = "<group>"; };
		CB5F0D3E1F2AD7CF0017D4A3 /* gkdata.swift */ = {isa = PBXFileReference; fileEncoding = 4; lastKnownFileType = sourcecode.swift; path = gkdata.swift; sourceTree = "<group>"; };
		CB5F0D401F2ADB140017D4A3 /* gkdic.swift */ = {isa = PBXFileReference; fileEncoding = 4; lastKnownFileType = sourcecode.swift; path = gkdic.swift; sourceTree = "<group>"; };
		CB6084231F3427FA00CC0091 /* YunkuSDK.xcworkspace */ = {isa = PBXFileReference; lastKnownFileType = wrapper.workspace; path = YunkuSDK.xcworkspace; sourceTree = "<group>"; };
		CB6084251F34280800CC0091 /* YunkuSDK.xcodeproj */ = {isa = PBXFileReference; lastKnownFileType = "wrapper.pb-project"; name = YunkuSDK.xcodeproj; path = ../YunkuSDK/YunkuSDK.xcodeproj; sourceTree = "<group>"; };
		CB6941461F4D481900AB3A3C /* FileMD5Hash.h */ = {isa = PBXFileReference; fileEncoding = 4; lastKnownFileType = sourcecode.c.h; path = FileMD5Hash.h; sourceTree = "<group>"; };
		CB6941471F4D481900AB3A3C /* FileMD5Hash.m */ = {isa = PBXFileReference; fileEncoding = 4; lastKnownFileType = sourcecode.c.objc; path = FileMD5Hash.m; sourceTree = "<group>"; };
/* End PBXFileReference section */

/* Begin PBXFrameworksBuildPhase section */
		CB006B3A1F26155A002D692F /* Frameworks */ = {
			isa = PBXFrameworksBuildPhase;
			buildActionMask = 2147483647;
			files = (
				CB006BBF1F261D0D002D692F /* UIKit.framework in Frameworks */,
			);
			runOnlyForDeploymentPostprocessing = 0;
		};
/* End PBXFrameworksBuildPhase section */

/* Begin PBXGroup section */
		CB006B341F26155A002D692F = {
			isa = PBXGroup;
			children = (
				CB6084251F34280800CC0091 /* YunkuSDK.xcodeproj */,
				CB6084231F3427FA00CC0091 /* YunkuSDK.xcworkspace */,
				CB006B401F26155A002D692F /* gkutility */,
				CB006B3F1F26155A002D692F /* Products */,
				CB006BBD1F261D0D002D692F /* Frameworks */,
			);
			sourceTree = "<group>";
		};
		CB006B3F1F26155A002D692F /* Products */ = {
			isa = PBXGroup;
			children = (
				CB006B3E1F26155A002D692F /* gkutility.framework */,
			);
			name = Products;
			sourceTree = "<group>";
		};
		CB006B401F26155A002D692F /* gkutility */ = {
			isa = PBXGroup;
			children = (
				CB006B411F26155A002D692F /* gkutility.h */,
				CB006BBA1F2615FD002D692F /* gkutility.swift */,
				CB5F0D3A1F2A11B60017D4A3 /* gkstring.swift */,
				CB5F0D3E1F2AD7CF0017D4A3 /* gkdata.swift */,
				CB5F0D401F2ADB140017D4A3 /* gkdic.swift */,
				CB5F0D351F29FDC60017D4A3 /* gkobjassist.h */,
				CB5F0D361F29FDC60017D4A3 /* gkobjassist.m */,
				CB6941461F4D481900AB3A3C /* FileMD5Hash.h */,
				CB6941471F4D481900AB3A3C /* FileMD5Hash.m */,
				CB006B421F26155A002D692F /* Info.plist */,
			);
			path = gkutility;
			sourceTree = "<group>";
		};
		CB006BBD1F261D0D002D692F /* Frameworks */ = {
			isa = PBXGroup;
			children = (
				CB006BBE1F261D0D002D692F /* UIKit.framework */,
			);
			name = Frameworks;
			sourceTree = "<group>";
		};
		CB6084261F34280800CC0091 /* Products */ = {
			isa = PBXGroup;
			children = (
				CB60842A1F34280800CC0091 /* YunkuSDK.framework */,
			);
			name = Products;
			sourceTree = "<group>";
		};
/* End PBXGroup section */

/* Begin PBXHeadersBuildPhase section */
		CB006B3B1F26155A002D692F /* Headers */ = {
			isa = PBXHeadersBuildPhase;
			buildActionMask = 2147483647;
			files = (
				CB006B431F26155A002D692F /* gkutility.h in Headers */,
				CB5F0D371F29FDC60017D4A3 /* gkobjassist.h in Headers */,
				CB6941481F4D481900AB3A3C /* FileMD5Hash.h in Headers */,
			);
			runOnlyForDeploymentPostprocessing = 0;
		};
/* End PBXHeadersBuildPhase section */

/* Begin PBXNativeTarget section */
		CB006B3D1F26155A002D692F /* gkutility */ = {
			isa = PBXNativeTarget;
			buildConfigurationList = CB006B461F26155A002D692F /* Build configuration list for PBXNativeTarget "gkutility" */;
			buildPhases = (
				CB006B391F26155A002D692F /* Sources */,
				CB006B3A1F26155A002D692F /* Frameworks */,
				CB006B3B1F26155A002D692F /* Headers */,
				CB006B3C1F26155A002D692F /* Resources */,
			);
			buildRules = (
			);
			dependencies = (
			);
			name = gkutility;
			productName = gkutility;
			productReference = CB006B3E1F26155A002D692F /* gkutility.framework */;
			productType = "com.apple.product-type.framework";
		};
/* End PBXNativeTarget section */

/* Begin PBXProject section */
		CB006B351F26155A002D692F /* Project object */ = {
			isa = PBXProject;
			attributes = {
				LastUpgradeCheck = 0830;
				ORGANIZATIONNAME = wqc;
				TargetAttributes = {
					CB006B3D1F26155A002D692F = {
						CreatedOnToolsVersion = 8.3;
						LastSwiftMigration = 0830;
						ProvisioningStyle = Manual;
					};
				};
			};
			buildConfigurationList = CB006B381F26155A002D692F /* Build configuration list for PBXProject "gkutility" */;
			compatibilityVersion = "Xcode 3.2";
			developmentRegion = English;
			hasScannedForEncodings = 0;
			knownRegions = (
				en,
			);
			mainGroup = CB006B341F26155A002D692F;
			productRefGroup = CB006B3F1F26155A002D692F /* Products */;
			projectDirPath = "";
			projectReferences = (
				{
					ProductGroup = CB6084261F34280800CC0091 /* Products */;
					ProjectRef = CB6084251F34280800CC0091 /* YunkuSDK.xcodeproj */;
				},
			);
			projectRoot = "";
			targets = (
				CB006B3D1F26155A002D692F /* gkutility */,
			);
		};
/* End PBXProject section */

/* Begin PBXReferenceProxy section */
		CB60842A1F34280800CC0091 /* YunkuSDK.framework */ = {
			isa = PBXReferenceProxy;
			fileType = wrapper.framework;
			path = YunkuSDK.framework;
			remoteRef = CB6084291F34280800CC0091 /* PBXContainerItemProxy */;
			sourceTree = BUILT_PRODUCTS_DIR;
		};
/* End PBXReferenceProxy section */

/* Begin PBXResourcesBuildPhase section */
		CB006B3C1F26155A002D692F /* Resources */ = {
			isa = PBXResourcesBuildPhase;
			buildActionMask = 2147483647;
			files = (
				CB6084241F3427FA00CC0091 /* YunkuSDK.xcworkspace in Resources */,
			);
			runOnlyForDeploymentPostprocessing = 0;
		};
/* End PBXResourcesBuildPhase section */

/* Begin PBXSourcesBuildPhase section */
		CB006B391F26155A002D692F /* Sources */ = {
			isa = PBXSourcesBuildPhase;
			buildActionMask = 2147483647;
			files = (
				CB5F0D381F29FDC60017D4A3 /* gkobjassist.m in Sources */,
				CB5F0D411F2ADB140017D4A3 /* gkdic.swift in Sources */,
				CB6941491F4D481900AB3A3C /* FileMD5Hash.m in Sources */,
				CB5F0D3B1F2A11B60017D4A3 /* gkstring.swift in Sources */,
				CB006BBB1F2615FD002D692F /* gkutility.swift in Sources */,
				CB5F0D3F1F2AD7CF0017D4A3 /* gkdata.swift in Sources */,
			);
			runOnlyForDeploymentPostprocessing = 0;
		};
/* End PBXSourcesBuildPhase section */

/* Begin XCBuildConfiguration section */
		CB006B441F26155A002D692F /* Debug */ = {
			isa = XCBuildConfiguration;
			buildSettings = {
				ALWAYS_SEARCH_USER_PATHS = NO;
				CLANG_ANALYZER_NONNULL = YES;
				CLANG_ANALYZER_NUMBER_OBJECT_CONVERSION = YES_AGGRESSIVE;
				CLANG_CXX_LANGUAGE_STANDARD = "gnu++0x";
				CLANG_CXX_LIBRARY = "libc++";
				CLANG_ENABLE_MODULES = YES;
				CLANG_ENABLE_OBJC_ARC = YES;
				CLANG_WARN_BOOL_CONVERSION = YES;
				CLANG_WARN_CONSTANT_CONVERSION = YES;
				CLANG_WARN_DIRECT_OBJC_ISA_USAGE = YES_ERROR;
				CLANG_WARN_DOCUMENTATION_COMMENTS = YES;
				CLANG_WARN_EMPTY_BODY = YES;
				CLANG_WARN_ENUM_CONVERSION = YES;
				CLANG_WARN_INFINITE_RECURSION = YES;
				CLANG_WARN_INT_CONVERSION = YES;
				CLANG_WARN_OBJC_ROOT_CLASS = YES_ERROR;
				CLANG_WARN_SUSPICIOUS_MOVE = YES;
				CLANG_WARN_UNREACHABLE_CODE = YES;
				CLANG_WARN__DUPLICATE_METHOD_MATCH = YES;
				"CODE_SIGN_IDENTITY[sdk=iphoneos*]" = "iPhone Developer";
				COPY_PHASE_STRIP = NO;
				CURRENT_PROJECT_VERSION = 1;
				DEBUG_INFORMATION_FORMAT = dwarf;
				ENABLE_STRICT_OBJC_MSGSEND = YES;
				ENABLE_TESTABILITY = YES;
				GCC_C_LANGUAGE_STANDARD = gnu99;
				GCC_DYNAMIC_NO_PIC = NO;
				GCC_NO_COMMON_BLOCKS = YES;
				GCC_OPTIMIZATION_LEVEL = 0;
				GCC_PREPROCESSOR_DEFINITIONS = (
					"DEBUG=1",
					"$(inherited)",
				);
				GCC_WARN_64_TO_32_BIT_CONVERSION = YES;
				GCC_WARN_ABOUT_RETURN_TYPE = YES_ERROR;
				GCC_WARN_UNDECLARED_SELECTOR = YES;
				GCC_WARN_UNINITIALIZED_AUTOS = YES_AGGRESSIVE;
				GCC_WARN_UNUSED_FUNCTION = YES;
				GCC_WARN_UNUSED_VARIABLE = YES;
				IPHONEOS_DEPLOYMENT_TARGET = 10.3;
				MTL_ENABLE_DEBUG_INFO = YES;
				ONLY_ACTIVE_ARCH = YES;
				SDKROOT = iphoneos;
				SWIFT_ACTIVE_COMPILATION_CONDITIONS = DEBUG;
				SWIFT_OPTIMIZATION_LEVEL = "-Onone";
				TARGETED_DEVICE_FAMILY = "1,2";
				VERSIONING_SYSTEM = "apple-generic";
				VERSION_INFO_PREFIX = "";
			};
			name = Debug;
		};
		CB006B451F26155A002D692F /* Release */ = {
			isa = XCBuildConfiguration;
			buildSettings = {
				ALWAYS_SEARCH_USER_PATHS = NO;
				CLANG_ANALYZER_NONNULL = YES;
				CLANG_ANALYZER_NUMBER_OBJECT_CONVERSION = YES_AGGRESSIVE;
				CLANG_CXX_LANGUAGE_STANDARD = "gnu++0x";
				CLANG_CXX_LIBRARY = "libc++";
				CLANG_ENABLE_MODULES = YES;
				CLANG_ENABLE_OBJC_ARC = YES;
				CLANG_WARN_BOOL_CONVERSION = YES;
				CLANG_WARN_CONSTANT_CONVERSION = YES;
				CLANG_WARN_DIRECT_OBJC_ISA_USAGE = YES_ERROR;
				CLANG_WARN_DOCUMENTATION_COMMENTS = YES;
				CLANG_WARN_EMPTY_BODY = YES;
				CLANG_WARN_ENUM_CONVERSION = YES;
				CLANG_WARN_INFINITE_RECURSION = YES;
				CLANG_WARN_INT_CONVERSION = YES;
				CLANG_WARN_OBJC_ROOT_CLASS = YES_ERROR;
				CLANG_WARN_SUSPICIOUS_MOVE = YES;
				CLANG_WARN_UNREACHABLE_CODE = YES;
				CLANG_WARN__DUPLICATE_METHOD_MATCH = YES;
				"CODE_SIGN_IDENTITY[sdk=iphoneos*]" = "iPhone Developer";
				COPY_PHASE_STRIP = NO;
				CURRENT_PROJECT_VERSION = 1;
				DEBUG_INFORMATION_FORMAT = "dwarf-with-dsym";
				ENABLE_NS_ASSERTIONS = NO;
				ENABLE_STRICT_OBJC_MSGSEND = YES;
				GCC_C_LANGUAGE_STANDARD = gnu99;
				GCC_NO_COMMON_BLOCKS = YES;
				GCC_WARN_64_TO_32_BIT_CONVERSION = YES;
				GCC_WARN_ABOUT_RETURN_TYPE = YES_ERROR;
				GCC_WARN_UNDECLARED_SELECTOR = YES;
				GCC_WARN_UNINITIALIZED_AUTOS = YES_AGGRESSIVE;
				GCC_WARN_UNUSED_FUNCTION = YES;
				GCC_WARN_UNUSED_VARIABLE = YES;
				IPHONEOS_DEPLOYMENT_TARGET = 10.3;
				MTL_ENABLE_DEBUG_INFO = NO;
				SDKROOT = iphoneos;
				SWIFT_OPTIMIZATION_LEVEL = "-Owholemodule";
				TARGETED_DEVICE_FAMILY = "1,2";
				VALIDATE_PRODUCT = YES;
				VERSIONING_SYSTEM = "apple-generic";
				VERSION_INFO_PREFIX = "";
			};
			name = Release;
		};
		CB006B471F26155A002D692F /* Debug */ = {
			isa = XCBuildConfiguration;
			buildSettings = {
				CLANG_ENABLE_MODULES = YES;
				CODE_SIGN_IDENTITY = "";
				"CODE_SIGN_IDENTITY[sdk=iphoneos*]" = "iPhone Developer";
				DEFINES_MODULE = YES;
				DEVELOPMENT_TEAM = "";
				DYLIB_COMPATIBILITY_VERSION = 1;
				DYLIB_CURRENT_VERSION = 1;
				DYLIB_INSTALL_NAME_BASE = "@rpath";
				GCC_PREPROCESSOR_DEFINITIONS = (
					"DEBUG=1",
					"$(inherited)",
				);
				INFOPLIST_FILE = gkutility/Info.plist;
				INSTALL_PATH = "$(LOCAL_LIBRARY_DIR)/Frameworks";
				IPHONEOS_DEPLOYMENT_TARGET = 8.3;
				LD_RUNPATH_SEARCH_PATHS = "$(inherited) @executable_path/Frameworks @loader_path/Frameworks";
				OTHER_SWIFT_FLAGS = "-D GKObjcCompatibility";
				PRODUCT_BUNDLE_IDENTIFIER = com.gokuai.wqc.gkutility;
				PRODUCT_NAME = "$(TARGET_NAME)";
				PROVISIONING_PROFILE_SPECIFIER = "";
				SKIP_INSTALL = YES;
				SWIFT_OPTIMIZATION_LEVEL = "-Onone";
				SWIFT_VERSION = 3.0;
			};
			name = Debug;
		};
		CB006B481F26155A002D692F /* Release */ = {
			isa = XCBuildConfiguration;
			buildSettings = {
				CLANG_ENABLE_MODULES = YES;
				CODE_SIGN_IDENTITY = "";
				DEFINES_MODULE = YES;
				DEVELOPMENT_TEAM = "";
				DYLIB_COMPATIBILITY_VERSION = 1;
				DYLIB_CURRENT_VERSION = 1;
				DYLIB_INSTALL_NAME_BASE = "@rpath";
				INFOPLIST_FILE = gkutility/Info.plist;
				INSTALL_PATH = "$(LOCAL_LIBRARY_DIR)/Frameworks";
				IPHONEOS_DEPLOYMENT_TARGET = 8.3;
				LD_RUNPATH_SEARCH_PATHS = "$(inherited) @executable_path/Frameworks @loader_path/Frameworks";
				OTHER_SWIFT_FLAGS = "-D GKObjcCompatibility";
				PRODUCT_BUNDLE_IDENTIFIER = com.gokuai.wqc.gkutility;
				PRODUCT_NAME = "$(TARGET_NAME)";
				PROVISIONING_PROFILE_SPECIFIER = "";
				SKIP_INSTALL = YES;
				SWIFT_VERSION = 3.0;
			};
			name = Release;
		};
/* End XCBuildConfiguration section */

/* Begin XCConfigurationList section */
		CB006B381F26155A002D692F /* Build configuration list for PBXProject "gkutility" */ = {
			isa = XCConfigurationList;
			buildConfigurations = (
				CB006B441F26155A002D692F /* Debug */,
				CB006B451F26155A002D692F /* Release */,
			);
			defaultConfigurationIsVisible = 0;
			defaultConfigurationName = Release;
		};
		CB006B461F26155A002D692F /* Build configuration list for PBXNativeTarget "gkutility" */ = {
			isa = XCConfigurationList;
			buildConfigurations = (
				CB006B471F26155A002D692F /* Debug */,
				CB006B481F26155A002D692F /* Release */,
			);
			defaultConfigurationIsVisible = 0;
			defaultConfigurationName = Release;
		};
/* End XCConfigurationList section */
	};
	rootObject = CB006B351F26155A002D692F /* Project object */;
}
